{
  "name": "web",
  "lockfileVersion": 2,
  "requires": true,
  "packages": {
    "": {
      "dependencies": {
        "bootstrap": "^5.1.3",
        "feather-icons": "^4.29.0"
      }
    },
    "node_modules/@popperjs/core": {
      "version": "2.11.4",
      "resolved": "https://registry.npmjs.org/@popperjs/core/-/core-2.11.4.tgz",
      "integrity": "sha512-q/ytXxO5NKvyT37pmisQAItCFqA7FD/vNb8dgaJy3/630Fsc+Mz9/9f2SziBoIZ30TJooXyTwZmhi1zjXmObYg==",
      "peer": true,
      "funding": {
        "type": "opencollective",
        "url": "https://opencollective.com/popperjs"
      }
    },
    "node_modules/bootstrap": {
      "version": "5.1.3",
      "resolved": "https://registry.npmjs.org/bootstrap/-/bootstrap-5.1.3.tgz",
      "integrity": "sha512-fcQztozJ8jToQWXxVuEyXWW+dSo8AiXWKwiSSrKWsRB/Qt+Ewwza+JWoLKiTuQLaEPhdNAJ7+Dosc9DOIqNy7Q==",
      "funding": {
        "type": "opencollective",
        "url": "https://opencollective.com/bootstrap"
      },
      "peerDependencies": {
        "@popperjs/core": "^2.10.2"
      }
    },
    "node_modules/classnames": {
      "version": "2.3.1",
      "resolved": "https://registry.npmjs.org/classnames/-/classnames-2.3.1.tgz",
      "integrity": "sha512-OlQdbZ7gLfGarSqxesMesDa5uz7KFbID8Kpq/SxIoNGDqY8lSYs0D+hhtBXhcdB3rcbXArFr7vlHheLk1voeNA=="
    },
    "node_modules/core-js": {
      "version": "3.21.1",
      "resolved": "https://registry.npmjs.org/core-js/-/core-js-3.21.1.tgz",
      "integrity": "sha512-FRq5b/VMrWlrmCzwRrpDYNxyHP9BcAZC+xHJaqTgIE5091ZV1NTmyh0sGOg5XqpnHvR0svdy0sv1gWA1zmhxig==",
      "hasInstallScript": true,
      "funding": {
        "type": "opencollective",
        "url": "https://opencollective.com/core-js"
      }
    },
    "node_modules/feather-icons": {
      "version": "4.29.0",
      "resolved": "https://registry.npmjs.org/feather-icons/-/feather-icons-4.29.0.tgz",
      "integrity": "sha512-Y7VqN9FYb8KdaSF0qD1081HCkm0v4Eq/fpfQYQnubpqi0hXx14k+gF9iqtRys1SIcTEi97xDi/fmsPFZ8xo0GQ==",
      "dependencies": {
        "classnames": "^2.2.5",
        "core-js": "^3.1.3"
      }
    }
  },
  "dependencies": {
    "@popperjs/core": {
      "version": "2.11.4",
      "resolved": "https://registry.npmjs.org/@popperjs/core/-/core-2.11.4.tgz",
      "integrity": "sha512-q/ytXxO5NKvyT37pmisQAItCFqA7FD/vNb8dgaJy3/630Fsc+Mz9/9f2SziBoIZ30TJooXyTwZmhi1zjXmObYg==",
      "peer": true
    },
    "bootstrap": {
      "version": "5.1.3",
      "resolved": "https://registry.npmjs.org/bootstrap/-/bootstrap-5.1.3.tgz",
      "integrity": "sha512-fcQztozJ8jToQWXxVuEyXWW+dSo8AiXWKwiSSrKWsRB/Qt+Ewwza+JWoLKiTuQLaEPhdNAJ7+Dosc9DOIqNy7Q==",
      "requires": {}
    },
    "classnames": {
      "version": "2.3.1",
      "resolved": "https://registry.npmjs.org/classnames/-/classnames-2.3.1.tgz",
      "integrity": "sha512-OlQdbZ7gLfGarSqxesMesDa5uz7KFbID8Kpq/SxIoNGDqY8lSYs0D+hhtBXhcdB3rcbXArFr7vlHheLk1voeNA=="
    },
    "core-js": {
      "version": "3.21.1",
      "resolved": "https://registry.npmjs.org/core-js/-/core-js-3.21.1.tgz",
      "integrity": "sha512-FRq5b/VMrWlrmCzwRrpDYNxyHP9BcAZC+xHJaqTgIE5091ZV1NTmyh0sGOg5XqpnHvR0svdy0sv1gWA1zmhxig=="
    },
    "feather-icons": {
      "version": "4.29.0",
      "resolved": "https://registry.npmjs.org/feather-icons/-/feather-icons-4.29.0.tgz",
      "integrity": "sha512-Y7VqN9FYb8KdaSF0qD1081HCkm0v4Eq/fpfQYQnubpqi0hXx14k+gF9iqtRys1SIcTEi97xDi/fmsPFZ8xo0GQ==",
      "requires": {
        "classnames": "^2.2.5",
        "core-js": "^3.1.3"
      }
    }
  }
}
